{
  "name": "CursoNode",
  "lockfileVersion": 2,
  "requires": true,
  "packages": {
    "": {
      "dependencies": {
        "picocolors": "^1.0.0",
        "scripts": "^0.1.0"
      }
    },
    "node_modules/picocolors": {
      "version": "1.0.0",
      "resolved": "https://registry.npmjs.org/picocolors/-/picocolors-1.0.0.tgz",
      "integrity": "sha512-1fygroTLlHu66zi26VoTDv8yRgm0Fccecssto+MhsZ0D/DGW2sm8E8AjW7NU5VVTRt5GxbeZ5qBuJr+HyLYkjQ=="
    },
    "node_modules/scripts": {
      "version": "0.1.0",
      "resolved": "https://registry.npmjs.org/scripts/-/scripts-0.1.0.tgz",
      "integrity": "sha512-URMy4uj80+USxik0E+P7OeagdYGRM6vJQ+8zADRRNjcoIVdouxB7B60P4G4y20TizSGXdE0nAW5sSM1IIXa3hw==",
      "engines": {
        "node": ">= 0.4.0"
      }
    }
  },
  "dependencies": {
    "picocolors": {
      "version": "1.0.0",
      "resolved": "https://registry.npmjs.org/picocolors/-/picocolors-1.0.0.tgz",
      "integrity": "sha512-1fygroTLlHu66zi26VoTDv8yRgm0Fccecssto+MhsZ0D/DGW2sm8E8AjW7NU5VVTRt5GxbeZ5qBuJr+HyLYkjQ=="
    },
    "scripts": {
      "version": "0.1.0",
      "resolved": "https://registry.npmjs.org/scripts/-/scripts-0.1.0.tgz",
      "integrity": "sha512-URMy4uj80+USxik0E+P7OeagdYGRM6vJQ+8zADRRNjcoIVdouxB7B60P4G4y20TizSGXdE0nAW5sSM1IIXa3hw=="
    }
  }
}
